// !$*UTF8*$!
{
	archiveVersion = 1;
	classes = {
	};
	objectVersion = 46;
	objects = {

/* Begin PBXBuildFile section */
		69791EE51E8AB936002B3DCA /* AppDelegate.swift in Sources */ = {isa = PBXBuildFile; fileRef = 69791EE41E8AB936002B3DCA /* AppDelegate.swift */; };
		69791EEA1E8AB936002B3DCA /* Main.storyboard in Resources */ = {isa = PBXBuildFile; fileRef = 69791EE81E8AB936002B3DCA /* Main.storyboard */; };
		69791EEC1E8AB936002B3DCA /* Assets.xcassets in Resources */ = {isa = PBXBuildFile; fileRef = 69791EEB1E8AB936002B3DCA /* Assets.xcassets */; };
		69791EEF1E8AB936002B3DCA /* LaunchScreen.storyboard in Resources */ = {isa = PBXBuildFile; fileRef = 69791EED1E8AB936002B3DCA /* LaunchScreen.storyboard */; };
		69791EF71E8AB998002B3DCA /* GoogleService-Info.plist in Resources */ = {isa = PBXBuildFile; fileRef = 69791EF61E8AB998002B3DCA /* GoogleService-Info.plist */; };
		69AC1EB91E96992B00AF4E07 /* DataService.swift in Sources */ = {isa = PBXBuildFile; fileRef = 69AC1EB81E96992B00AF4E07 /* DataService.swift */; };
		69FCE39D1E8ABBD200E82A40 /* SignInVC.swift in Sources */ = {isa = PBXBuildFile; fileRef = 69FCE39C1E8ABBD200E82A40 /* SignInVC.swift */; };
		69FCE39F1E8C456400E82A40 /* FancyView.swift in Sources */ = {isa = PBXBuildFile; fileRef = 69FCE39E1E8C456400E82A40 /* FancyView.swift */; };
		69FCE3A21E8C45D700E82A40 /* Constants.swift in Sources */ = {isa = PBXBuildFile; fileRef = 69FCE3A11E8C45D700E82A40 /* Constants.swift */; };
		69FCE3A41E8C474D00E82A40 /* RoundButton.swift in Sources */ = {isa = PBXBuildFile; fileRef = 69FCE3A31E8C474D00E82A40 /* RoundButton.swift */; };
		69FCE3A61E8C488600E82A40 /* FancyField.swift in Sources */ = {isa = PBXBuildFile; fileRef = 69FCE3A51E8C488600E82A40 /* FancyField.swift */; };
		69FCE3A81E8C498500E82A40 /* FancyButton.swift in Sources */ = {isa = PBXBuildFile; fileRef = 69FCE3A71E8C498500E82A40 /* FancyButton.swift */; };
		69FCE3AE1E8EE70800E82A40 /* FeedVC.swift in Sources */ = {isa = PBXBuildFile; fileRef = 69FCE3AD1E8EE70800E82A40 /* FeedVC.swift */; };
		69FCE3B01E92A65200E82A40 /* CircleView.swift in Sources */ = {isa = PBXBuildFile; fileRef = 69FCE3AF1E92A65200E82A40 /* CircleView.swift */; };
		69FCE3B21E93F54300E82A40 /* PostCell.swift in Sources */ = {isa = PBXBuildFile; fileRef = 69FCE3B11E93F54300E82A40 /* PostCell.swift */; };
		6ADC510826299F19484C83B8 /* Pods_Social.framework in Frameworks */ = {isa = PBXBuildFile; fileRef = 2719244C93FE882FA8110058 /* Pods_Social.framework */; };
/* End PBXBuildFile section */

/* Begin PBXFileReference section */
		2719244C93FE882FA8110058 /* Pods_Social.framework */ = {isa = PBXFileReference; explicitFileType = wrapper.framework; includeInIndex = 0; path = Pods_Social.framework; sourceTree = BUILT_PRODUCTS_DIR; };
		69791EE11E8AB936002B3DCA /* Social.app */ = {isa = PBXFileReference; explicitFileType = wrapper.application; includeInIndex = 0; path = Social.app; sourceTree = BUILT_PRODUCTS_DIR; };
		69791EE41E8AB936002B3DCA /* AppDelegate.swift */ = {isa = PBXFileReference; lastKnownFileType = sourcecode.swift; path = AppDelegate.swift; sourceTree = "<group>"; };
		69791EE91E8AB936002B3DCA /* Base */ = {isa = PBXFileReference; lastKnownFileType = file.storyboard; name = Base; path = Base.lproj/Main.storyboard; sourceTree = "<group>"; };
		69791EEB1E8AB936002B3DCA /* Assets.xcassets */ = {isa = PBXFileReference; lastKnownFileType = folder.assetcatalog; path = Assets.xcassets; sourceTree = "<group>"; };
		69791EEE1E8AB936002B3DCA /* Base */ = {isa = PBXFileReference; lastKnownFileType = file.storyboard; name = Base; path = Base.lproj/LaunchScreen.storyboard; sourceTree = "<group>"; };
		69791EF01E8AB936002B3DCA /* Info.plist */ = {isa = PBXFileReference; lastKnownFileType = text.plist.xml; path = Info.plist; sourceTree = "<group>"; };
		69791EF61E8AB998002B3DCA /* GoogleService-Info.plist */ = {isa = PBXFileReference; fileEncoding = 4; lastKnownFileType = text.plist.xml; path = "GoogleService-Info.plist"; sourceTree = "<group>"; };
		69AC1EB81E96992B00AF4E07 /* DataService.swift */ = {isa = PBXFileReference; fileEncoding = 4; lastKnownFileType = sourcecode.swift; path = DataService.swift; sourceTree = "<group>"; };
		69FCE39C1E8ABBD200E82A40 /* SignInVC.swift */ = {isa = PBXFileReference; fileEncoding = 4; lastKnownFileType = sourcecode.swift; path = SignInVC.swift; sourceTree = "<group>"; };
		69FCE39E1E8C456400E82A40 /* FancyView.swift */ = {isa = PBXFileReference; fileEncoding = 4; lastKnownFileType = sourcecode.swift; path = FancyView.swift; sourceTree = "<group>"; };
		69FCE3A11E8C45D700E82A40 /* Constants.swift */ = {isa = PBXFileReference; fileEncoding = 4; lastKnownFileType = sourcecode.swift; path = Constants.swift; sourceTree = "<group>"; };
		69FCE3A31E8C474D00E82A40 /* RoundButton.swift */ = {isa = PBXFileReference; fileEncoding = 4; lastKnownFileType = sourcecode.swift; path = RoundButton.swift; sourceTree = "<group>"; };
		69FCE3A51E8C488600E82A40 /* FancyField.swift */ = {isa = PBXFileReference; fileEncoding = 4; lastKnownFileType = sourcecode.swift; path = FancyField.swift; sourceTree = "<group>"; };
		69FCE3A71E8C498500E82A40 /* FancyButton.swift */ = {isa = PBXFileReference; fileEncoding = 4; lastKnownFileType = sourcecode.swift; path = FancyButton.swift; sourceTree = "<group>"; };
		69FCE3AD1E8EE70800E82A40 /* FeedVC.swift */ = {isa = PBXFileReference; fileEncoding = 4; lastKnownFileType = sourcecode.swift; path = FeedVC.swift; sourceTree = "<group>"; };
		69FCE3AF1E92A65200E82A40 /* CircleView.swift */ = {isa = PBXFileReference; fileEncoding = 4; lastKnownFileType = sourcecode.swift; path = CircleView.swift; sourceTree = "<group>"; };
		69FCE3B11E93F54300E82A40 /* PostCell.swift */ = {isa = PBXFileReference; fileEncoding = 4; lastKnownFileType = sourcecode.swift; path = PostCell.swift; sourceTree = "<group>"; };
		7CE0C2F45149532E0F218E7B /* Pods-Social.release.xcconfig */ = {isa = PBXFileReference; includeInIndex = 1; lastKnownFileType = text.xcconfig; name = "Pods-Social.release.xcconfig"; path = "Pods/Target Support Files/Pods-Social/Pods-Social.release.xcconfig"; sourceTree = "<group>"; };
		9D18A622B26E7C570C2412C3 /* Pods-Social.debug.xcconfig */ = {isa = PBXFileReference; includeInIndex = 1; lastKnownFileType = text.xcconfig; name = "Pods-Social.debug.xcconfig"; path = "Pods/Target Support Files/Pods-Social/Pods-Social.debug.xcconfig"; sourceTree = "<group>"; };
/* End PBXFileReference section */

/* Begin PBXFrameworksBuildPhase section */
		69791EDE1E8AB936002B3DCA /* Frameworks */ = {
			isa = PBXFrameworksBuildPhase;
			buildActionMask = 2147483647;
			files = (
				6ADC510826299F19484C83B8 /* Pods_Social.framework in Frameworks */,
			);
			runOnlyForDeploymentPostprocessing = 0;
		};
/* End PBXFrameworksBuildPhase section */

/* Begin PBXGroup section */
		69791ED81E8AB936002B3DCA = {
			isa = PBXGroup;
			children = (
				69791EE31E8AB936002B3DCA /* Social */,
				69791EE21E8AB936002B3DCA /* Products */,
				EE60076CF2E5EDC56BD37858 /* Pods */,
				6CC75B5C274F94413BBC4DE7 /* Frameworks */,
			);
			sourceTree = "<group>";
		};
		69791EE21E8AB936002B3DCA /* Products */ = {
			isa = PBXGroup;
			children = (
				69791EE11E8AB936002B3DCA /* Social.app */,
			);
			name = Products;
			sourceTree = "<group>";
		};
		69791EE31E8AB936002B3DCA /* Social */ = {
			isa = PBXGroup;
			children = (
				69AC1EB71E96991500AF4E07 /* Services */,
				69FCE3A01E8C45C900E82A40 /* Util */,
				69791EF81E8ABB36002B3DCA /* Model */,
				69791EFA1E8ABB43002B3DCA /* View */,
				69791EF91E8ABB3C002B3DCA /* Controller */,
				69791EE41E8AB936002B3DCA /* AppDelegate.swift */,
				69791EE81E8AB936002B3DCA /* Main.storyboard */,
				69791EEB1E8AB936002B3DCA /* Assets.xcassets */,
				69791EED1E8AB936002B3DCA /* LaunchScreen.storyboard */,
				69791EF01E8AB936002B3DCA /* Info.plist */,
				69791EF61E8AB998002B3DCA /* GoogleService-Info.plist */,
			);
			path = Social;
			sourceTree = "<group>";
		};
		69791EF81E8ABB36002B3DCA /* Model */ = {
			isa = PBXGroup;
			children = (
			);
			name = Model;
			sourceTree = "<group>";
		};
		69791EF91E8ABB3C002B3DCA /* Controller */ = {
			isa = PBXGroup;
			children = (
				69FCE39C1E8ABBD200E82A40 /* SignInVC.swift */,
				69FCE3AD1E8EE70800E82A40 /* FeedVC.swift */,
			);
			name = Controller;
			sourceTree = "<group>";
		};
		69791EFA1E8ABB43002B3DCA /* View */ = {
			isa = PBXGroup;
			children = (
				69FCE39E1E8C456400E82A40 /* FancyView.swift */,
				69FCE3A31E8C474D00E82A40 /* RoundButton.swift */,
				69FCE3A51E8C488600E82A40 /* FancyField.swift */,
				69FCE3A71E8C498500E82A40 /* FancyButton.swift */,
				69FCE3AF1E92A65200E82A40 /* CircleView.swift */,
				69FCE3B11E93F54300E82A40 /* PostCell.swift */,
			);
			name = View;
			sourceTree = "<group>";
		};
		69AC1EB71E96991500AF4E07 /* Services */ = {
			isa = PBXGroup;
			children = (
				69AC1EB81E96992B00AF4E07 /* DataService.swift */,
			);
			name = Services;
			sourceTree = "<group>";
		};
		69FCE3A01E8C45C900E82A40 /* Util */ = {
			isa = PBXGroup;
			children = (
				69FCE3A11E8C45D700E82A40 /* Constants.swift */,
			);
			name = Util;
			sourceTree = "<group>";
		};
		6CC75B5C274F94413BBC4DE7 /* Frameworks */ = {
			isa = PBXGroup;
			children = (
				2719244C93FE882FA8110058 /* Pods_Social.framework */,
			);
			name = Frameworks;
			sourceTree = "<group>";
		};
		EE60076CF2E5EDC56BD37858 /* Pods */ = {
			isa = PBXGroup;
			children = (
				9D18A622B26E7C570C2412C3 /* Pods-Social.debug.xcconfig */,
				7CE0C2F45149532E0F218E7B /* Pods-Social.release.xcconfig */,
			);
			name = Pods;
			sourceTree = "<group>";
		};
/* End PBXGroup section */

/* Begin PBXNativeTarget section */
		69791EE01E8AB936002B3DCA /* Social */ = {
			isa = PBXNativeTarget;
			buildConfigurationList = 69791EF31E8AB936002B3DCA /* Build configuration list for PBXNativeTarget "Social" */;
			buildPhases = (
				CFA3D345BF12406E4D1E7948 /* [CP] Check Pods Manifest.lock */,
				69791EDD1E8AB936002B3DCA /* Sources */,
				69791EDE1E8AB936002B3DCA /* Frameworks */,
				69791EDF1E8AB936002B3DCA /* Resources */,
				64F3F8A9013144173B90DBC1 /* [CP] Embed Pods Frameworks */,
				C6A7FB9EA4A20BC866651DDE /* [CP] Copy Pods Resources */,
			);
			buildRules = (
			);
			dependencies = (
			);
			name = Social;
			productName = Social;
			productReference = 69791EE11E8AB936002B3DCA /* Social.app */;
			productType = "com.apple.product-type.application";
		};
/* End PBXNativeTarget section */

/* Begin PBXProject section */
		69791ED91E8AB936002B3DCA /* Project object */ = {
			isa = PBXProject;
			attributes = {
				LastSwiftUpdateCheck = 0820;
				LastUpgradeCheck = 0820;
				ORGANIZATIONNAME = "Tyler Brady";
				TargetAttributes = {
					69791EE01E8AB936002B3DCA = {
						CreatedOnToolsVersion = 8.2.1;
						DevelopmentTeam = WJQ74D4F49;
						ProvisioningStyle = Automatic;
					};
				};
			};
			buildConfigurationList = 69791EDC1E8AB936002B3DCA /* Build configuration list for PBXProject "Social" */;
			compatibilityVersion = "Xcode 3.2";
			developmentRegion = English;
			hasScannedForEncodings = 0;
			knownRegions = (
				en,
				Base,
			);
			mainGroup = 69791ED81E8AB936002B3DCA;
			productRefGroup = 69791EE21E8AB936002B3DCA /* Products */;
			projectDirPath = "";
			projectRoot = "";
			targets = (
				69791EE01E8AB936002B3DCA /* Social */,
			);
		};
/* End PBXProject section */

/* Begin PBXResourcesBuildPhase section */
		69791EDF1E8AB936002B3DCA /* Resources */ = {
			isa = PBXResourcesBuildPhase;
			buildActionMask = 2147483647;
			files = (
				69791EEF1E8AB936002B3DCA /* LaunchScreen.storyboard in Resources */,
				69791EEC1E8AB936002B3DCA /* Assets.xcassets in Resources */,
				69791EF71E8AB998002B3DCA /* GoogleService-Info.plist in Resources */,
				69791EEA1E8AB936002B3DCA /* Main.storyboard in Resources */,
			);
			runOnlyForDeploymentPostprocessing = 0;
		};
/* End PBXResourcesBuildPhase section */

/* Begin PBXShellScriptBuildPhase section */
		64F3F8A9013144173B90DBC1 /* [CP] Embed Pods Frameworks */ = {
			isa = PBXShellScriptBuildPhase;
			buildActionMask = 2147483647;
			files = (
			);
			inputPaths = (
			);
			name = "[CP] Embed Pods Frameworks";
			outputPaths = (
			);
			runOnlyForDeploymentPostprocessing = 0;
			shellPath = /bin/sh;
			shellScript = "\"${SRCROOT}/Pods/Target Support Files/Pods-Social/Pods-Social-frameworks.sh\"\n";
			showEnvVarsInLog = 0;
		};
		C6A7FB9EA4A20BC866651DDE /* [CP] Copy Pods Resources */ = {
			isa = PBXShellScriptBuildPhase;
			buildActionMask = 2147483647;
			files = (
			);
			inputPaths = (
			);
			name = "[CP] Copy Pods Resources";
			outputPaths = (
			);
			runOnlyForDeploymentPostprocessing = 0;
			shellPath = /bin/sh;
			shellScript = "\"${SRCROOT}/Pods/Target Support Files/Pods-Social/Pods-Social-resources.sh\"\n";
			showEnvVarsInLog = 0;
		};
		CFA3D345BF12406E4D1E7948 /* [CP] Check Pods Manifest.lock */ = {
			isa = PBXShellScriptBuildPhase;
			buildActionMask = 2147483647;
			files = (
			);
			inputPaths = (
			);
			name = "[CP] Check Pods Manifest.lock";
			outputPaths = (
			);
			runOnlyForDeploymentPostprocessing = 0;
			shellPath = /bin/sh;
			shellScript = "diff \"${PODS_ROOT}/../Podfile.lock\" \"${PODS_ROOT}/Manifest.lock\" > /dev/null\nif [ $? != 0 ] ; then\n    # print error to STDERR\n    echo \"error: The sandbox is not in sync with the Podfile.lock. Run 'pod install' or update your CocoaPods installation.\" >&2\n    exit 1\nfi\n";
			showEnvVarsInLog = 0;
		};
/* End PBXShellScriptBuildPhase section */

/* Begin PBXSourcesBuildPhase section */
		69791EDD1E8AB936002B3DCA /* Sources */ = {
			isa = PBXSourcesBuildPhase;
			buildActionMask = 2147483647;
			files = (
				69FCE3B01E92A65200E82A40 /* CircleView.swift in Sources */,
				69FCE3A61E8C488600E82A40 /* FancyField.swift in Sources */,
				69FCE39D1E8ABBD200E82A40 /* SignInVC.swift in Sources */,
				69FCE3A41E8C474D00E82A40 /* RoundButton.swift in Sources */,
				69FCE3A81E8C498500E82A40 /* FancyButton.swift in Sources */,
				69AC1EB91E96992B00AF4E07 /* DataService.swift in Sources */,
				69FCE3AE1E8EE70800E82A40 /* FeedVC.swift in Sources */,
				69791EE51E8AB936002B3DCA /* AppDelegate.swift in Sources */,
				69FCE39F1E8C456400E82A40 /* FancyView.swift in Sources */,
				69FCE3A21E8C45D700E82A40 /* Constants.swift in Sources */,
				69FCE3B21E93F54300E82A40 /* PostCell.swift in Sources */,
			);
			runOnlyForDeploymentPostprocessing = 0;
		};
/* End PBXSourcesBuildPhase section */

/* Begin PBXVariantGroup section */
		69791EE81E8AB936002B3DCA /* Main.storyboard */ = {
			isa = PBXVariantGroup;
			children = (
				69791EE91E8AB936002B3DCA /* Base */,
			);
			name = Main.storyboard;
			sourceTree = "<group>";
		};
		69791EED1E8AB936002B3DCA /* LaunchScreen.storyboard */ = {
			isa = PBXVariantGroup;
			children = (
				69791EEE1E8AB936002B3DCA /* Base */,
			);
			name = LaunchScreen.storyboard;
			sourceTree = "<group>";
		};
/* End PBXVariantGroup section */

/* Begin XCBuildConfiguration section */
		69791EF11E8AB936002B3DCA /* Debug */ = {
			isa = XCBuildConfiguration;
			buildSettings = {
				ALWAYS_SEARCH_USER_PATHS = NO;
				CLANG_ANALYZER_NONNULL = YES;
				CLANG_CXX_LANGUAGE_STANDARD = "gnu++0x";
				CLANG_CXX_LIBRARY = "libc++";
				CLANG_ENABLE_MODULES = YES;
				CLANG_ENABLE_OBJC_ARC = YES;
				CLANG_WARN_BOOL_CONVERSION = YES;
				CLANG_WARN_CONSTANT_CONVERSION = YES;
				CLANG_WARN_DIRECT_OBJC_ISA_USAGE = YES_ERROR;
				CLANG_WARN_DOCUMENTATION_COMMENTS = YES;
				CLANG_WARN_EMPTY_BODY = YES;
				CLANG_WARN_ENUM_CONVERSION = YES;
				CLANG_WARN_INFINITE_RECURSION = YES;
				CLANG_WARN_INT_CONVERSION = YES;
				CLANG_WARN_OBJC_ROOT_CLASS = YES_ERROR;
				CLANG_WARN_SUSPICIOUS_MOVE = YES;
				CLANG_WARN_UNREACHABLE_CODE = YES;
				CLANG_WARN__DUPLICATE_METHOD_MATCH = YES;
				"CODE_SIGN_IDENTITY[sdk=iphoneos*]" = "iPhone Developer";
				COPY_PHASE_STRIP = NO;
				DEBUG_INFORMATION_FORMAT = dwarf;
				ENABLE_STRICT_OBJC_MSGSEND = YES;
				ENABLE_TESTABILITY = YES;
				GCC_C_LANGUAGE_STANDARD = gnu99;
				GCC_DYNAMIC_NO_PIC = NO;
				GCC_NO_COMMON_BLOCKS = YES;
				GCC_OPTIMIZATION_LEVEL = 0;
				GCC_PREPROCESSOR_DEFINITIONS = (
					"DEBUG=1",
					"$(inherited)",
				);
				GCC_WARN_64_TO_32_BIT_CONVERSION = YES;
				GCC_WARN_ABOUT_RETURN_TYPE = YES_ERROR;
				GCC_WARN_UNDECLARED_SELECTOR = YES;
				GCC_WARN_UNINITIALIZED_AUTOS = YES_AGGRESSIVE;
				GCC_WARN_UNUSED_FUNCTION = YES;
				GCC_WARN_UNUSED_VARIABLE = YES;
				IPHONEOS_DEPLOYMENT_TARGET = 10.2;
				MTL_ENABLE_DEBUG_INFO = YES;
				ONLY_ACTIVE_ARCH = YES;
				SDKROOT = iphoneos;
				SWIFT_ACTIVE_COMPILATION_CONDITIONS = DEBUG;
				SWIFT_OPTIMIZATION_LEVEL = "-Onone";
				TARGETED_DEVICE_FAMILY = "1,2";
			};
			name = Debug;
		};
		69791EF21E8AB936002B3DCA /* Release */ = {
			isa = XCBuildConfiguration;
			buildSettings = {
				ALWAYS_SEARCH_USER_PATHS = NO;
				CLANG_ANALYZER_NONNULL = YES;
				CLANG_CXX_LANGUAGE_STANDARD = "gnu++0x";
				CLANG_CXX_LIBRARY = "libc++";
				CLANG_ENABLE_MODULES = YES;
				CLANG_ENABLE_OBJC_ARC = YES;
				CLANG_WARN_BOOL_CONVERSION = YES;
				CLANG_WARN_CONSTANT_CONVERSION = YES;
				CLANG_WARN_DIRECT_OBJC_ISA_USAGE = YES_ERROR;
				CLANG_WARN_DOCUMENTATION_COMMENTS = YES;
				CLANG_WARN_EMPTY_BODY = YES;
				CLANG_WARN_ENUM_CONVERSION = YES;
				CLANG_WARN_INFINITE_RECURSION = YES;
				CLANG_WARN_INT_CONVERSION = YES;
				CLANG_WARN_OBJC_ROOT_CLASS = YES_ERROR;
				CLANG_WARN_SUSPICIOUS_MOVE = YES;
				CLANG_WARN_UNREACHABLE_CODE = YES;
				CLANG_WARN__DUPLICATE_METHOD_MATCH = YES;
				"CODE_SIGN_IDENTITY[sdk=iphoneos*]" = "iPhone Developer";
				COPY_PHASE_STRIP = NO;
				DEBUG_INFORMATION_FORMAT = "dwarf-with-dsym";
				ENABLE_NS_ASSERTIONS = NO;
				ENABLE_STRICT_OBJC_MSGSEND = YES;
				GCC_C_LANGUAGE_STANDARD = gnu99;
				GCC_NO_COMMON_BLOCKS = YES;
				GCC_WARN_64_TO_32_BIT_CONVERSION = YES;
				GCC_WARN_ABOUT_RETURN_TYPE = YES_ERROR;
				GCC_WARN_UNDECLARED_SELECTOR = YES;
				GCC_WARN_UNINITIALIZED_AUTOS = YES_AGGRESSIVE;
				GCC_WARN_UNUSED_FUNCTION = YES;
				GCC_WARN_UNUSED_VARIABLE = YES;
				IPHONEOS_DEPLOYMENT_TARGET = 10.2;
				MTL_ENABLE_DEBUG_INFO = NO;
				SDKROOT = iphoneos;
				SWIFT_OPTIMIZATION_LEVEL = "-Owholemodule";
				TARGETED_DEVICE_FAMILY = "1,2";
				VALIDATE_PRODUCT = YES;
			};
			name = Release;
		};
		69791EF41E8AB936002B3DCA /* Debug */ = {
			isa = XCBuildConfiguration;
			baseConfigurationReference = 9D18A622B26E7C570C2412C3 /* Pods-Social.debug.xcconfig */;
			buildSettings = {
				ASSETCATALOG_COMPILER_APPICON_NAME = AppIcon;
				DEVELOPMENT_TEAM = WJQ74D4F49;
				FRAMEWORK_SEARCH_PATHS = (
					"$(inherited)",
					"$(PROJECT_DIR)",
				);
				INFOPLIST_FILE = Social/Info.plist;
				LD_RUNPATH_SEARCH_PATHS = "$(inherited) @executable_path/Frameworks";
				PRODUCT_BUNDLE_IDENTIFIER = com.precoa.Social;
				PRODUCT_NAME = "$(TARGET_NAME)";
				SWIFT_VERSION = 3.0;
			};
			name = Debug;
		};
		69791EF51E8AB936002B3DCA /* Release */ = {
			isa = XCBuildConfiguration;
			baseConfigurationReference = 7CE0C2F45149532E0F218E7B /* Pods-Social.release.xcconfig */;
			buildSettings = {
				ASSETCATALOG_COMPILER_APPICON_NAME = AppIcon;
				DEVELOPMENT_TEAM = WJQ74D4F49;
				FRAMEWORK_SEARCH_PATHS = (
					"$(inherited)",
					"$(PROJECT_DIR)",
				);
				INFOPLIST_FILE = Social/Info.plist;
				LD_RUNPATH_SEARCH_PATHS = "$(inherited) @executable_path/Frameworks";
				PRODUCT_BUNDLE_IDENTIFIER = com.precoa.Social;
				PRODUCT_NAME = "$(TARGET_NAME)";
				SWIFT_VERSION = 3.0;
			};
			name = Release;
		};
/* End XCBuildConfiguration section */

/* Begin XCConfigurationList section */
		69791EDC1E8AB936002B3DCA /* Build configuration list for PBXProject "Social" */ = {
			isa = XCConfigurationList;
			buildConfigurations = (
				69791EF11E8AB936002B3DCA /* Debug */,
				69791EF21E8AB936002B3DCA /* Release */,
			);
			defaultConfigurationIsVisible = 0;
			defaultConfigurationName = Release;
		};
		69791EF31E8AB936002B3DCA /* Build configuration list for PBXNativeTarget "Social" */ = {
			isa = XCConfigurationList;
			buildConfigurations = (
				69791EF41E8AB936002B3DCA /* Debug */,
				69791EF51E8AB936002B3DCA /* Release */,
			);
			defaultConfigurationIsVisible = 0;
			defaultConfigurationName = Release;
		};
/* End XCConfigurationList section */
	};
	rootObject = 69791ED91E8AB936002B3DCA /* Project object */;
}
